
Microsoft Visual Studio Solution File, Format Version 11.00
# Visual Studio 2010
Project("{FAE04EC0-301F-11D3-BF4B-00C04F79EFBC}") = "WPFPractice", "WPFPractice\WPFPractice.csproj", "{E6891472-3175-498C-9DF5-D92308AD89A3}"
EndProject
Project("{FAE04EC0-301F-11D3-BF4B-00C04F79EFBC}") = "Stock.Data", "..\..\C#\WPFProjects\Stock.Data\Stock.Data.csproj", "{23E70AF7-0EA0-4F8A-9D12-E2A3B66428DF}"
EndProject
Project("{FAE04EC0-301F-11D3-BF4B-00C04F79EFBC}") = "ADPDTC.Data", "ADPDTC.Data\ADPDTC.Data.csproj", "{A430FC42-BD4D-4FFB-AF85-EFB8A4ED9D02}"
EndProject
Project("{FAE04EC0-301F-11D3-BF4B-00C04F79EFBC}") = "WPFUtils", "..\..\C#\WPFProjects\wpfutils\WPFUtils.csproj", "{04775AAA-EE41-4E0D-91F8-147A9ADC722C}"
EndProject
Global
	GlobalSection(SolutionConfigurationPlatforms) = preSolution
		Debug|Any CPU = Debug|Any CPU
		Debug|Mixed Platforms = Debug|Mixed Platforms
		Debug|x86 = Debug|x86
		Release|Any CPU = Release|Any CPU
		Release|Mixed Platforms = Release|Mixed Platforms
		Release|x86 = Release|x86
	EndGlobalSection
	GlobalSection(ProjectConfigurationPlatforms) = postSolution
		{E6891472-3175-498C-9DF5-D92308AD89A3}.Debug|Any CPU.ActiveCfg = Debug|x86
		{E6891472-3175-498C-9DF5-D92308AD89A3}.Debug|Mixed Platforms.ActiveCfg = Debug|x86
		{E6891472-3175-498C-9DF5-D92308AD89A3}.Debug|Mixed Platforms.Build.0 = Debug|x86
		{E6891472-3175-498C-9DF5-D92308AD89A3}.Debug|x86.ActiveCfg = Debug|x86
		{E6891472-3175-498C-9DF5-D92308AD89A3}.Debug|x86.Build.0 = Debug|x86
		{E6891472-3175-498C-9DF5-D92308AD89A3}.Release|Any CPU.ActiveCfg = Release|x86
		{E6891472-3175-498C-9DF5-D92308AD89A3}.Release|Mixed Platforms.ActiveCfg = Release|x86
		{E6891472-3175-498C-9DF5-D92308AD89A3}.Release|Mixed Platforms.Build.0 = Release|x86
		{E6891472-3175-498C-9DF5-D92308AD89A3}.Release|x86.ActiveCfg = Release|x86
		{E6891472-3175-498C-9DF5-D92308AD89A3}.Release|x86.Build.0 = Release|x86
		{23E70AF7-0EA0-4F8A-9D12-E2A3B66428DF}.Debug|Any CPU.ActiveCfg = Debug|Any CPU
		{23E70AF7-0EA0-4F8A-9D12-E2A3B66428DF}.Debug|Any CPU.Build.0 = Debug|Any CPU
		{23E70AF7-0EA0-4F8A-9D12-E2A3B66428DF}.Debug|Mixed Platforms.ActiveCfg = Debug|Any CPU
		{23E70AF7-0EA0-4F8A-9D12-E2A3B66428DF}.Debug|Mixed Platforms.Build.0 = Debug|Any CPU
		{23E70AF7-0EA0-4F8A-9D12-E2A3B66428DF}.Debug|x86.ActiveCfg = Debug|Any CPU
		{23E70AF7-0EA0-4F8A-9D12-E2A3B66428DF}.Release|Any CPU.ActiveCfg = Release|Any CPU
		{23E70AF7-0EA0-4F8A-9D12-E2A3B66428DF}.Release|Any CPU.Build.0 = Release|Any CPU
		{23E70AF7-0EA0-4F8A-9D12-E2A3B66428DF}.Release|Mixed Platforms.ActiveCfg = Release|Any CPU
		{23E70AF7-0EA0-4F8A-9D12-E2A3B66428DF}.Release|Mixed Platforms.Build.0 = Release|Any CPU
		{23E70AF7-0EA0-4F8A-9D12-E2A3B66428DF}.Release|x86.ActiveCfg = Release|Any CPU
		{A430FC42-BD4D-4FFB-AF85-EFB8A4ED9D02}.Debug|Any CPU.ActiveCfg = Debug|Any CPU
		{A430FC42-BD4D-4FFB-AF85-EFB8A4ED9D02}.Debug|Any CPU.Build.0 = Debug|Any CPU
		{A430FC42-BD4D-4FFB-AF85-EFB8A4ED9D02}.Debug|Mixed Platforms.ActiveCfg = Debug|Any CPU
		{A430FC42-BD4D-4FFB-AF85-EFB8A4ED9D02}.Debug|Mixed Platforms.Build.0 = Debug|Any CPU
		{A430FC42-BD4D-4FFB-AF85-EFB8A4ED9D02}.Debug|x86.ActiveCfg = Debug|Any CPU
		{A430FC42-BD4D-4FFB-AF85-EFB8A4ED9D02}.Release|Any CPU.ActiveCfg = Release|Any CPU
		{A430FC42-BD4D-4FFB-AF85-EFB8A4ED9D02}.Release|Any CPU.Build.0 = Release|Any CPU
		{A430FC42-BD4D-4FFB-AF85-EFB8A4ED9D02}.Release|Mixed Platforms.ActiveCfg = Release|Any CPU
		{A430FC42-BD4D-4FFB-AF85-EFB8A4ED9D02}.Release|Mixed Platforms.Build.0 = Release|Any CPU
		{A430FC42-BD4D-4FFB-AF85-EFB8A4ED9D02}.Release|x86.ActiveCfg = Release|Any CPU
		{04775AAA-EE41-4E0D-91F8-147A9ADC722C}.Debug|Any CPU.ActiveCfg = Debug|Any CPU
		{04775AAA-EE41-4E0D-91F8-147A9ADC722C}.Debug|Any CPU.Build.0 = Debug|Any CPU
		{04775AAA-EE41-4E0D-91F8-147A9ADC722C}.Debug|Mixed Platforms.ActiveCfg = Debug|Any CPU
		{04775AAA-EE41-4E0D-91F8-147A9ADC722C}.Debug|Mixed Platforms.Build.0 = Debug|Any CPU
		{04775AAA-EE41-4E0D-91F8-147A9ADC722C}.Debug|x86.ActiveCfg = Debug|Any CPU
		{04775AAA-EE41-4E0D-91F8-147A9ADC722C}.Release|Any CPU.ActiveCfg = Release|Any CPU
		{04775AAA-EE41-4E0D-91F8-147A9ADC722C}.Release|Any CPU.Build.0 = Release|Any CPU
		{04775AAA-EE41-4E0D-91F8-147A9ADC722C}.Release|Mixed Platforms.ActiveCfg = Release|Any CPU
		{04775AAA-EE41-4E0D-91F8-147A9ADC722C}.Release|Mixed Platforms.Build.0 = Release|Any CPU
		{04775AAA-EE41-4E0D-91F8-147A9ADC722C}.Release|x86.ActiveCfg = Release|Any CPU
	EndGlobalSection
	GlobalSection(SolutionProperties) = preSolution
		HideSolutionNode = FALSE
	EndGlobalSection
EndGlobal
